PODS:
  - CryptoSwift (1.0.0)
  - Nimble (5.0.0)
  - Quick (0.10.0)
  - Starscream (4.0.4)
  - Swamp (1.0.0):
    - CryptoSwift (~> 1.0.0)
    - Starscream (~> 4.0.0)
    - SwiftyJSON (~> 4.0.0)
  - SwiftyJSON (4.0.0)

DEPENDENCIES:
  - Nimble (~> 5.0.0)
  - Quick (~> 0.10.0)
  - Swamp (from `../`)

SPEC REPOS:
  trunk:
    - CryptoSwift
    - Nimble
    - Quick
    - Starscream
    - SwiftyJSON

EXTERNAL SOURCES:
  Swamp:
    :path: "../"

SPEC CHECKSUMS:
  CryptoSwift: d81eeaa59dc5a8d03720fe919a6fd07b51f7439f
  Nimble: 56fc9f5020effa2206de22c3dd910f4fb011b92f
  Quick: 5d290df1c69d5ee2f0729956dcf0fd9a30447eaa
  Starscream: 5178aed56b316f13fa3bc55694e583d35dd414d9
  Swamp: 526737be41f4f24bca74db29a4e17c81149ecdc7
  SwiftyJSON: 070dabdcb1beb81b247c65ffa3a79dbbfb3b48aa

PODFILE CHECKSUM: a04b49bc86112cef0d0604cb67a176ce20ff579a

COCOAPODS: 1.10.0.rc.1
